
Microsoft Visual Studio Solution File, Format Version 12.00
# Visual Studio 15
VisualStudioVersion = 15.0.28307.645
MinimumVisualStudioVersion = 10.0.40219.1
Project("{FAE04EC0-301F-11D3-BF4B-00C04F79EFBC}") = "AutoPark", "AutoPark\AutoPark.csproj", "{CFAF97DB-8CD6-48AF-950F-52AC3275873F}"
EndProject
Global
	GlobalSection(SolutionConfigurationPlatforms) = preSolution
		Debug|Any CPU = Debug|Any CPU
		Release|Any CPU = Release|Any CPU
	EndGlobalSection
	GlobalSection(ProjectConfigurationPlatforms) = postSolution
		{CFAF97DB-8CD6-48AF-950F-52AC3275873F}.Debug|Any CPU.ActiveCfg = Debug|Any CPU
		{CFAF97DB-8CD6-48AF-950F-52AC3275873F}.Debug|Any CPU.Build.0 = Debug|Any CPU
		{CFAF97DB-8CD6-48AF-950F-52AC3275873F}.Release|Any CPU.ActiveCfg = Release|Any CPU
		{CFAF97DB-8CD6-48AF-950F-52AC3275873F}.Release|Any CPU.Build.0 = Release|Any CPU
	EndGlobalSection
	GlobalSection(SolutionProperties) = preSolution
		HideSolutionNode = FALSE
	EndGlobalSection
	GlobalSection(ExtensibilityGlobals) = postSolution
		SolutionGuid = {165E86BA-4864-43BA-99DC-6BE91406B781}
	EndGlobalSection
EndGlobal
